
Microsoft Visual Studio Solution File, Format Version 12.00
# Visual Studio Version 17
VisualStudioVersion = 17.14.37531.7
MinimumVisualStudioVersion = 10.0.40219.1
Project("{2150E333-8FDC-42A3-9474-1A3956D46DE8}") = "Logica", "Logica", "{02EA681E-C7D8-13C7-8484-4AC65E1B71E8}"
EndProject
Project("{FAE04EC0-301F-11D3-BF4B-00C04F79EFBC}") = "ex001", "ex001\ex001.csproj", "{BF4FB2AE-0E8C-4B98-9096-250B98D00452}"
EndProject
Project("{FAE04EC0-301F-11D3-BF4B-00C04F79EFBC}") = "ex002", "ex002\ex002.csproj", "{9FB5755A-C0CC-4F6C-841C-A381ACCA32EF}"
EndProject
Project("{FAE04EC0-301F-11D3-BF4B-00C04F79EFBC}") = "ex003", "ex003\ex003.csproj", "{B20C4B0A-7A81-4861-AF0F-70C3C7F5F868}"
EndProject
Project("{FAE04EC0-301F-11D3-BF4B-00C04F79EFBC}") = "ex004", "ex004\ex004.csproj", "{915D8481-2898-4AA8-8F33-6D8E837C8CD4}"
EndProject
Project("{FAE04EC0-301F-11D3-BF4B-00C04F79EFBC}") = "ex005", "ex005\ex005.csproj", "{C6F5A321-25AC-431F-BD69-7E6FF237F9AD}"
EndProject
Project("{FAE04EC0-301F-11D3-BF4B-00C04F79EFBC}") = "ex006", "ex006\ex006.csproj", "{F647D107-6C6C-4A3C-A643-A3DA28141006}"
EndProject
Project("{FAE04EC0-301F-11D3-BF4B-00C04F79EFBC}") = "ex007", "ex007\ex007.csproj", "{53C15CC4-F479-49CC-A6C3-F58E9D88DB7A}"
EndProject
Project("{FAE04EC0-301F-11D3-BF4B-00C04F79EFBC}") = "ex008", "ex008\ex008.csproj", "{47E2B1D8-34A2-4830-82F2-9B6B8B2BD77B}"
EndProject
Project("{FAE04EC0-301F-11D3-BF4B-00C04F79EFBC}") = "ex009", "ex009\ex009.csproj", "{E4A5CE50-FCBA-4BFF-A323-EE13F819E557}"
EndProject
Project("{FAE04EC0-301F-11D3-BF4B-00C04F79EFBC}") = "ex010", "ex010\ex010.csproj", "{D8001BC7-AAE8-41DF-A618-8A6BC8C2CCEB}"
EndProject
Project("{FAE04EC0-301F-11D3-BF4B-00C04F79EFBC}") = "ex011", "ex011\ex011.csproj", "{36E81D1B-8A9A-4210-80D8-17D1C7A08A2D}"
EndProject
Project("{FAE04EC0-301F-11D3-BF4B-00C04F79EFBC}") = "ex012", "ex012\ex012.csproj", "{63EB166D-B2A6-4459-A84F-5249DABE07E7}"
EndProject
Project("{FAE04EC0-301F-11D3-BF4B-00C04F79EFBC}") = "ex013", "ex013\ex013.csproj", "{3F56AD86-4325-44C9-9D87-E7B88DEAE962}"
EndProject
Project("{FAE04EC0-301F-11D3-BF4B-00C04F79EFBC}") = "ex014", "ex014\ex014.csproj", "{F2AE59FC-6BDB-4312-BF02-B904B0DAAD75}"
EndProject
Project("{FAE04EC0-301F-11D3-BF4B-00C04F79EFBC}") = "ex015", "ex015\ex015.csproj", "{37D5A006-A5E0-4785-8CB7-939F29F86EEA}"
EndProject
Project("{FAE04EC0-301F-11D3-BF4B-00C04F79EFBC}") = "ex016", "ex016\ex016.csproj", "{E7DB910C-4A79-46CC-9086-F21423F437CE}"
EndProject
Project("{FAE04EC0-301F-11D3-BF4B-00C04F79EFBC}") = "ex017", "ex017\ex017.csproj", "{1FCB3C9A-27C5-4885-ABCE-24D1956BA76A}"
EndProject
Project("{FAE04EC0-301F-11D3-BF4B-00C04F79EFBC}") = "ex018", "ex018\ex018.csproj", "{6872DE29-ABC6-4260-ADCB-C78C0BB29CD7}"
EndProject
Project("{2150E333-8FDC-42A3-9474-1A3956D46DE8}") = "Provas - Logica", "Provas - Logica", "{61F4E213-E0B1-4D3D-A4D4-60943B931F5F}"
EndProject
Project("{FAE04EC0-301F-11D3-BF4B-00C04F79EFBC}") = "prova001", "prova001\prova001.csproj", "{2370D9EF-9438-4F2D-8E08-D7AECE481483}"
EndProject
Project("{FAE04EC0-301F-11D3-BF4B-00C04F79EFBC}") = "prova002", "prova002\prova002.csproj", "{2E1890F8-C5F4-473E-9EB7-7D4883FCC108}"
EndProject
Project("{FAE04EC0-301F-11D3-BF4B-00C04F79EFBC}") = "prova003", "prova003\prova003.csproj", "{D00EEF65-1A21-4E42-B124-8A6B48022D65}"
EndProject
Project("{FAE04EC0-301F-11D3-BF4B-00C04F79EFBC}") = "prova004", "prova004\prova004.csproj", "{DF6CC4EB-CD08-433A-A1C5-C8092A610026}"
EndProject
Global
	GlobalSection(SolutionConfigurationPlatforms) = preSolution
		Debug|Any CPU = Debug|Any CPU
		Release|Any CPU = Release|Any CPU
	EndGlobalSection
	GlobalSection(ProjectConfigurationPlatforms) = postSolution
		{BF4FB2AE-0E8C-4B98-9096-250B98D00452}.Debug|Any CPU.ActiveCfg = Debug|Any CPU
		{BF4FB2AE-0E8C-4B98-9096-250B98D00452}.Debug|Any CPU.Build.0 = Debug|Any CPU
		{BF4FB2AE-0E8C-4B98-9096-250B98D00452}.Release|Any CPU.ActiveCfg = Release|Any CPU
		{BF4FB2AE-0E8C-4B98-9096-250B98D00452}.Release|Any CPU.Build.0 = Release|Any CPU
		{9FB5755A-C0CC-4F6C-841C-A381ACCA32EF}.Debug|Any CPU.ActiveCfg = Debug|Any CPU
		{9FB5755A-C0CC-4F6C-841C-A381ACCA32EF}.Debug|Any CPU.Build.0 = Debug|Any CPU
		{9FB5755A-C0CC-4F6C-841C-A381ACCA32EF}.Release|Any CPU.ActiveCfg = Release|Any CPU
		{9FB5755A-C0CC-4F6C-841C-A381ACCA32EF}.Release|Any CPU.Build.0 = Release|Any CPU
		{B20C4B0A-7A81-4861-AF0F-70C3C7F5F868}.Debug|Any CPU.ActiveCfg = Debug|Any CPU
		{B20C4B0A-7A81-4861-AF0F-70C3C7F5F868}.Debug|Any CPU.Build.0 = Debug|Any CPU
		{B20C4B0A-7A81-4861-AF0F-70C3C7F5F868}.Release|Any CPU.ActiveCfg = Release|Any CPU
		{B20C4B0A-7A81-4861-AF0F-70C3C7F5F868}.Release|Any CPU.Build.0 = Release|Any CPU
		{915D8481-2898-4AA8-8F33-6D8E837C8CD4}.Debug|Any CPU.ActiveCfg = Debug|Any CPU
		{915D8481-2898-4AA8-8F33-6D8E837C8CD4}.Debug|Any CPU.Build.0 = Debug|Any CPU
		{915D8481-2898-4AA8-8F33-6D8E837C8CD4}.Release|Any CPU.ActiveCfg = Release|Any CPU
		{915D8481-2898-4AA8-8F33-6D8E837C8CD4}.Release|Any CPU.Build.0 = Release|Any CPU
		{C6F5A321-25AC-431F-BD69-7E6FF237F9AD}.Debug|Any CPU.ActiveCfg = Debug|Any CPU
		{C6F5A321-25AC-431F-BD69-7E6FF237F9AD}.Debug|Any CPU.Build.0 = Debug|Any CPU
		{C6F5A321-25AC-431F-BD69-7E6FF237F9AD}.Release|Any CPU.ActiveCfg = Release|Any CPU
		{C6F5A321-25AC-431F-BD69-7E6FF237F9AD}.Release|Any CPU.Build.0 = Release|Any CPU
		{F647D107-6C6C-4A3C-A643-A3DA28141006}.Debug|Any CPU.ActiveCfg = Debug|Any CPU
		{F647D107-6C6C-4A3C-A643-A3DA28141006}.Debug|Any CPU.Build.0 = Debug|Any CPU
		{F647D107-6C6C-4A3C-A643-A3DA28141006}.Release|Any CPU.ActiveCfg = Release|Any CPU
		{F647D107-6C6C-4A3C-A643-A3DA28141006}.Release|Any CPU.Build.0 = Release|Any CPU
		{53C15CC4-F479-49CC-A6C3-F58E9D88DB7A}.Debug|Any CPU.ActiveCfg = Debug|Any CPU
		{53C15CC4-F479-49CC-A6C3-F58E9D88DB7A}.Debug|Any CPU.Build.0 = Debug|Any CPU
		{53C15CC4-F479-49CC-A6C3-F58E9D88DB7A}.Release|Any CPU.ActiveCfg = Release|Any CPU
		{53C15CC4-F479-49CC-A6C3-F58E9D88DB7A}.Release|Any CPU.Build.0 = Release|Any CPU
		{47E2B1D8-34A2-4830-82F2-9B6B8B2BD77B}.Debug|Any CPU.ActiveCfg = Debug|Any CPU
		{47E2B1D8-34A2-4830-82F2-9B6B8B2BD77B}.Debug|Any CPU.Build.0 = Debug|Any CPU
		{47E2B1D8-34A2-4830-82F2-9B6B8B2BD77B}.Release|Any CPU.ActiveCfg = Release|Any CPU
		{47E2B1D8-34A2-4830-82F2-9B6B8B2BD77B}.Release|Any CPU.Build.0 = Release|Any CPU
		{E4A5CE50-FCBA-4BFF-A323-EE13F819E557}.Debug|Any CPU.ActiveCfg = Debug|Any CPU
		{E4A5CE50-FCBA-4BFF-A323-EE13F819E557}.Debug|Any CPU.Build.0 = Debug|Any CPU
		{E4A5CE50-FCBA-4BFF-A323-EE13F819E557}.Release|Any CPU.ActiveCfg = Release|Any CPU
		{E4A5CE50-FCBA-4BFF-A323-EE13F819E557}.Release|Any CPU.Build.0 = Release|Any CPU
		{D8001BC7-AAE8-41DF-A618-8A6BC8C2CCEB}.Debug|Any CPU.ActiveCfg = Debug|Any CPU
		{D8001BC7-AAE8-41DF-A618-8A6BC8C2CCEB}.Debug|Any CPU.Build.0 = Debug|Any CPU
		{D8001BC7-AAE8-41DF-A618-8A6BC8C2CCEB}.Release|Any CPU.ActiveCfg = Release|Any CPU
		{D8001BC7-AAE8-41DF-A618-8A6BC8C2CCEB}.Release|Any CPU.Build.0 = Release|Any CPU
		{36E81D1B-8A9A-4210-80D8-17D1C7A08A2D}.Debug|Any CPU.ActiveCfg = Debug|Any CPU
		{36E81D1B-8A9A-4210-80D8-17D1C7A08A2D}.Debug|Any CPU.Build.0 = Debug|Any CPU
		{36E81D1B-8A9A-4210-80D8-17D1C7A08A2D}.Release|Any CPU.ActiveCfg = Release|Any CPU
		{36E81D1B-8A9A-4210-80D8-17D1C7A08A2D}.Release|Any CPU.Build.0 = Release|Any CPU
		{63EB166D-B2A6-4459-A84F-5249DABE07E7}.Debug|Any CPU.ActiveCfg = Debug|Any CPU
		{63EB166D-B2A6-4459-A84F-5249DABE07E7}.Debug|Any CPU.Build.0 = Debug|Any CPU
		{63EB166D-B2A6-4459-A84F-5249DABE07E7}.Release|Any CPU.ActiveCfg = Release|Any CPU
		{63EB166D-B2A6-4459-A84F-5249DABE07E7}.Release|Any CPU.Build.0 = Release|Any CPU
		{3F56AD86-4325-44C9-9D87-E7B88DEAE962}.Debug|Any CPU.ActiveCfg = Debug|Any CPU
		{3F56AD86-4325-44C9-9D87-E7B88DEAE962}.Debug|Any CPU.Build.0 = Debug|Any CPU
		{3F56AD86-4325-44C9-9D87-E7B88DEAE962}.Release|Any CPU.ActiveCfg = Release|Any CPU
		{3F56AD86-4325-44C9-9D87-E7B88DEAE962}.Release|Any CPU.Build.0 = Release|Any CPU
		{F2AE59FC-6BDB-4312-BF02-B904B0DAAD75}.Debug|Any CPU.ActiveCfg = Debug|Any CPU
		{F2AE59FC-6BDB-4312-BF02-B904B0DAAD75}.Debug|Any CPU.Build.0 = Debug|Any CPU
		{F2AE59FC-6BDB-4312-BF02-B904B0DAAD75}.Release|Any CPU.ActiveCfg = Release|Any CPU
		{F2AE59FC-6BDB-4312-BF02-B904B0DAAD75}.Release|Any CPU.Build.0 = Release|Any CPU
		{37D5A006-A5E0-4785-8CB7-939F29F86EEA}.Debug|Any CPU.ActiveCfg = Debug|Any CPU
		{37D5A006-A5E0-4785-8CB7-939F29F86EEA}.Debug|Any CPU.Build.0 = Debug|Any CPU
		{37D5A006-A5E0-4785-8CB7-939F29F86EEA}.Release|Any CPU.ActiveCfg = Release|Any CPU
		{37D5A006-A5E0-4785-8CB7-939F29F86EEA}.Release|Any CPU.Build.0 = Release|Any CPU
		{E7DB910C-4A79-46CC-9086-F21423F437CE}.Debug|Any CPU.ActiveCfg = Debug|Any CPU
		{E7DB910C-4A79-46CC-9086-F21423F437CE}.Debug|Any CPU.Build.0 = Debug|Any CPU
		{E7DB910C-4A79-46CC-9086-F21423F437CE}.Release|Any CPU.ActiveCfg = Release|Any CPU
		{E7DB910C-4A79-46CC-9086-F21423F437CE}.Release|Any CPU.Build.0 = Release|Any CPU
		{1FCB3C9A-27C5-4885-ABCE-24D1956BA76A}.Debug|Any CPU.ActiveCfg = Debug|Any CPU
		{1FCB3C9A-27C5-4885-ABCE-24D1956BA76A}.Debug|Any CPU.Build.0 = Debug|Any CPU
		{1FCB3C9A-27C5-4885-ABCE-24D1956BA76A}.Release|Any CPU.ActiveCfg = Release|Any CPU
		{1FCB3C9A-27C5-4885-ABCE-24D1956BA76A}.Release|Any CPU.Build.0 = Release|Any CPU
		{6872DE29-ABC6-4260-ADCB-C78C0BB29CD7}.Debug|Any CPU.ActiveCfg = Debug|Any CPU
		{6872DE29-ABC6-4260-ADCB-C78C0BB29CD7}.Debug|Any CPU.Build.0 = Debug|Any CPU
		{6872DE29-ABC6-4260-ADCB-C78C0BB29CD7}.Release|Any CPU.ActiveCfg = Release|Any CPU
		{6872DE29-ABC6-4260-ADCB-C78C0BB29CD7}.Release|Any CPU.Build.0 = Release|Any CPU
		{2370D9EF-9438-4F2D-8E08-D7AECE481483}.Debug|Any CPU.ActiveCfg = Debug|Any CPU
		{2370D9EF-9438-4F2D-8E08-D7AECE481483}.Debug|Any CPU.Build.0 = Debug|Any CPU
		{2370D9EF-9438-4F2D-8E08-D7AECE481483}.Release|Any CPU.ActiveCfg = Release|Any CPU
		{2370D9EF-9438-4F2D-8E08-D7AECE481483}.Release|Any CPU.Build.0 = Release|Any CPU
		{2E1890F8-C5F4-473E-9EB7-7D4883FCC108}.Debug|Any CPU.ActiveCfg = Debug|Any CPU
		{2E1890F8-C5F4-473E-9EB7-7D4883FCC108}.Debug|Any CPU.Build.0 = Debug|Any CPU
		{2E1890F8-C5F4-473E-9EB7-7D4883FCC108}.Release|Any CPU.ActiveCfg = Release|Any CPU
		{2E1890F8-C5F4-473E-9EB7-7D4883FCC108}.Release|Any CPU.Build.0 = Release|Any CPU
		{D00EEF65-1A21-4E42-B124-8A6B48022D65}.Debug|Any CPU.ActiveCfg = Debug|Any CPU
		{D00EEF65-1A21-4E42-B124-8A6B48022D65}.Debug|Any CPU.Build.0 = Debug|Any CPU
		{D00EEF65-1A21-4E42-B124-8A6B48022D65}.Release|Any CPU.ActiveCfg = Release|Any CPU
		{D00EEF65-1A21-4E42-B124-8A6B48022D65}.Release|Any CPU.Build.0 = Release|Any CPU
		{DF6CC4EB-CD08-433A-A1C5-C8092A610026}.Debug|Any CPU.ActiveCfg = Debug|Any CPU
		{DF6CC4EB-CD08-433A-A1C5-C8092A610026}.Debug|Any CPU.Build.0 = Debug|Any CPU
		{DF6CC4EB-CD08-433A-A1C5-C8092A610026}.Release|Any CPU.ActiveCfg = Release|Any CPU
		{DF6CC4EB-CD08-433A-A1C5-C8092A610026}.Release|Any CPU.Build.0 = Release|Any CPU
	EndGlobalSection
	GlobalSection(SolutionProperties) = preSolution
		HideSolutionNode = FALSE
	EndGlobalSection
	GlobalSection(NestedProjects) = preSolution
		{BF4FB2AE-0E8C-4B98-9096-250B98D00452} = {02EA681E-C7D8-13C7-8484-4AC65E1B71E8}
		{9FB5755A-C0CC-4F6C-841C-A381ACCA32EF} = {02EA681E-C7D8-13C7-8484-4AC65E1B71E8}
		{B20C4B0A-7A81-4861-AF0F-70C3C7F5F868} = {02EA681E-C7D8-13C7-8484-4AC65E1B71E8}
		{915D8481-2898-4AA8-8F33-6D8E837C8CD4} = {02EA681E-C7D8-13C7-8484-4AC65E1B71E8}
		{C6F5A321-25AC-431F-BD69-7E6FF237F9AD} = {02EA681E-C7D8-13C7-8484-4AC65E1B71E8}
		{F647D107-6C6C-4A3C-A643-A3DA28141006} = {02EA681E-C7D8-13C7-8484-4AC65E1B71E8}
		{53C15CC4-F479-49CC-A6C3-F58E9D88DB7A} = {02EA681E-C7D8-13C7-8484-4AC65E1B71E8}
		{47E2B1D8-34A2-4830-82F2-9B6B8B2BD77B} = {02EA681E-C7D8-13C7-8484-4AC65E1B71E8}
		{E4A5CE50-FCBA-4BFF-A323-EE13F819E557} = {02EA681E-C7D8-13C7-8484-4AC65E1B71E8}
		{D8001BC7-AAE8-41DF-A618-8A6BC8C2CCEB} = {02EA681E-C7D8-13C7-8484-4AC65E1B71E8}
		{36E81D1B-8A9A-4210-80D8-17D1C7A08A2D} = {02EA681E-C7D8-13C7-8484-4AC65E1B71E8}
		{63EB166D-B2A6-4459-A84F-5249DABE07E7} = {02EA681E-C7D8-13C7-8484-4AC65E1B71E8}
		{3F56AD86-4325-44C9-9D87-E7B88DEAE962} = {02EA681E-C7D8-13C7-8484-4AC65E1B71E8}
		{F2AE59FC-6BDB-4312-BF02-B904B0DAAD75} = {02EA681E-C7D8-13C7-8484-4AC65E1B71E8}
		{37D5A006-A5E0-4785-8CB7-939F29F86EEA} = {02EA681E-C7D8-13C7-8484-4AC65E1B71E8}
		{E7DB910C-4A79-46CC-9086-F21423F437CE} = {02EA681E-C7D8-13C7-8484-4AC65E1B71E8}
		{1FCB3C9A-27C5-4885-ABCE-24D1956BA76A} = {02EA681E-C7D8-13C7-8484-4AC65E1B71E8}
		{6872DE29-ABC6-4260-ADCB-C78C0BB29CD7} = {02EA681E-C7D8-13C7-8484-4AC65E1B71E8}
		{2370D9EF-9438-4F2D-8E08-D7AECE481483} = {61F4E213-E0B1-4D3D-A4D4-60943B931F5F}
		{2E1890F8-C5F4-473E-9EB7-7D4883FCC108} = {61F4E213-E0B1-4D3D-A4D4-60943B931F5F}
		{D00EEF65-1A21-4E42-B124-8A6B48022D65} = {61F4E213-E0B1-4D3D-A4D4-60943B931F5F}
		{DF6CC4EB-CD08-433A-A1C5-C8092A610026} = {61F4E213-E0B1-4D3D-A4D4-60943B931F5F}
	EndGlobalSection
	GlobalSection(ExtensibilityGlobals) = postSolution
		SolutionGuid = {5B5C2315-6D78-4EE6-9E48-E306D825BE3D}
	EndGlobalSection
EndGlobal
